
Microsoft Visual Studio Solution File, Format Version 12.00
# Visual Studio Version 17
VisualStudioVersion = 17.0.31919.166
MinimumVisualStudioVersion = 10.0.40219.1
Project("{FAE04EC0-301F-11D3-BF4B-00C04F79EFBC}") = "ConsoleApp1", "ConsoleApp1\ConsoleApp1.csproj", "{68518C62-4F66-45B1-BE9B-C24C0B122F40}"
EndProject
Global
	GlobalSection(SolutionConfigurationPlatforms) = preSolution
		Debug|Any CPU = Debug|Any CPU
		Release|Any CPU = Release|Any CPU
	EndGlobalSection
	GlobalSection(ProjectConfigurationPlatforms) = postSolution
		{68518C62-4F66-45B1-BE9B-C24C0B122F40}.Debug|Any CPU.ActiveCfg = Debug|Any CPU
		{68518C62-4F66-45B1-BE9B-C24C0B122F40}.Debug|Any CPU.Build.0 = Debug|Any CPU
		{68518C62-4F66-45B1-BE9B-C24C0B122F40}.Release|Any CPU.ActiveCfg = Release|Any CPU
		{68518C62-4F66-45B1-BE9B-C24C0B122F40}.Release|Any CPU.Build.0 = Release|Any CPU
	EndGlobalSection
	GlobalSection(SolutionProperties) = preSolution
		HideSolutionNode = FALSE
	EndGlobalSection
	GlobalSection(ExtensibilityGlobals) = postSolution
		SolutionGuid = {A2C9CE46-498C-4A8C-9E0D-A25FD02A10EE}
	EndGlobalSection
EndGlobal
